
Microsoft Visual Studio Solution File, Format Version 12.00
# Visual Studio Version 16
VisualStudioVersion = 16.0.30907.101
MinimumVisualStudioVersion = 10.0.40219.1
Project("{FAE04EC0-301F-11D3-BF4B-00C04F79EFBC}") = "RCMembrane", "RCMembrane.csproj", "{AAAAF378-1776-4440-8D3A-4FE7FB000388}"
EndProject
Project("{9A19103F-16F7-4668-BE54-9A1E7A4F7556}") = "Material", "..\Material\Material.csproj", "{B401CF47-9AFD-4220-BB8C-5E0D49320B31}"
EndProject
Project("{9A19103F-16F7-4668-BE54-9A1E7A4F7556}") = "Extensions", "..\Extensions\Extensions.csproj", "{C54A38F5-AC4A-4FB5-BFD1-E1AB09C52845}"
EndProject
Project("{9A19103F-16F7-4668-BE54-9A1E7A4F7556}") = "On-Plane-Components", "..\On-Plane-Components\On-Plane-Components.csproj", "{00596CD0-BB0C-46C8-BA42-F85E72A494B4}"
EndProject
Global
	GlobalSection(SolutionConfigurationPlatforms) = preSolution
		Debug|Any CPU = Debug|Any CPU
		Release|Any CPU = Release|Any CPU
	EndGlobalSection
	GlobalSection(ProjectConfigurationPlatforms) = postSolution
		{AAAAF378-1776-4440-8D3A-4FE7FB000388}.Debug|Any CPU.ActiveCfg = Debug|Any CPU
		{AAAAF378-1776-4440-8D3A-4FE7FB000388}.Debug|Any CPU.Build.0 = Debug|Any CPU
		{AAAAF378-1776-4440-8D3A-4FE7FB000388}.Release|Any CPU.ActiveCfg = Release|Any CPU
		{AAAAF378-1776-4440-8D3A-4FE7FB000388}.Release|Any CPU.Build.0 = Release|Any CPU
		{B401CF47-9AFD-4220-BB8C-5E0D49320B31}.Debug|Any CPU.ActiveCfg = Debug|Any CPU
		{B401CF47-9AFD-4220-BB8C-5E0D49320B31}.Debug|Any CPU.Build.0 = Debug|Any CPU
		{B401CF47-9AFD-4220-BB8C-5E0D49320B31}.Release|Any CPU.ActiveCfg = Release|Any CPU
		{B401CF47-9AFD-4220-BB8C-5E0D49320B31}.Release|Any CPU.Build.0 = Release|Any CPU
		{C54A38F5-AC4A-4FB5-BFD1-E1AB09C52845}.Debug|Any CPU.ActiveCfg = Debug|Any CPU
		{C54A38F5-AC4A-4FB5-BFD1-E1AB09C52845}.Debug|Any CPU.Build.0 = Debug|Any CPU
		{C54A38F5-AC4A-4FB5-BFD1-E1AB09C52845}.Release|Any CPU.ActiveCfg = Release|Any CPU
		{C54A38F5-AC4A-4FB5-BFD1-E1AB09C52845}.Release|Any CPU.Build.0 = Release|Any CPU
		{00596CD0-BB0C-46C8-BA42-F85E72A494B4}.Debug|Any CPU.ActiveCfg = Debug|Any CPU
		{00596CD0-BB0C-46C8-BA42-F85E72A494B4}.Debug|Any CPU.Build.0 = Debug|Any CPU
		{00596CD0-BB0C-46C8-BA42-F85E72A494B4}.Release|Any CPU.ActiveCfg = Release|Any CPU
		{00596CD0-BB0C-46C8-BA42-F85E72A494B4}.Release|Any CPU.Build.0 = Release|Any CPU
	EndGlobalSection
	GlobalSection(SolutionProperties) = preSolution
		HideSolutionNode = FALSE
	EndGlobalSection
	GlobalSection(ExtensibilityGlobals) = postSolution
		SolutionGuid = {1BAAA280-797F-43C5-AC0A-C486647CF5A5}
	EndGlobalSection
EndGlobal
