
Microsoft Visual Studio Solution File, Format Version 12.00
# Visual Studio Version 16
VisualStudioVersion = 16.0.29424.173
MinimumVisualStudioVersion = 10.0.40219.1
Project("{FAE04EC0-301F-11D3-BF4B-00C04F79EFBC}") = "Membrane", "Membrane\Membrane.csproj", "{F26DDECB-E2E4-49F1-ADD7-99BF554EECEA}"
EndProject
Project("{FAE04EC0-301F-11D3-BF4B-00C04F79EFBC}") = "Relations", "..\Stress-and-Strain-Relations\Relations\Relations.csproj", "{7DF65381-8507-4F02-9C2B-2AE9A1E50EFA}"
EndProject
Project("{FAE04EC0-301F-11D3-BF4B-00C04F79EFBC}") = "Material", "..\Material\Material\Material.csproj", "{5E103AD6-45A8-4B2D-816C-5CCEC09380E6}"
EndProject
Global
	GlobalSection(SolutionConfigurationPlatforms) = preSolution
		Debug|Any CPU = Debug|Any CPU
		Release|Any CPU = Release|Any CPU
	EndGlobalSection
	GlobalSection(ProjectConfigurationPlatforms) = postSolution
		{F26DDECB-E2E4-49F1-ADD7-99BF554EECEA}.Debug|Any CPU.ActiveCfg = Debug|Any CPU
		{F26DDECB-E2E4-49F1-ADD7-99BF554EECEA}.Debug|Any CPU.Build.0 = Debug|Any CPU
		{F26DDECB-E2E4-49F1-ADD7-99BF554EECEA}.Release|Any CPU.ActiveCfg = Release|Any CPU
		{F26DDECB-E2E4-49F1-ADD7-99BF554EECEA}.Release|Any CPU.Build.0 = Release|Any CPU
		{7DF65381-8507-4F02-9C2B-2AE9A1E50EFA}.Debug|Any CPU.ActiveCfg = Debug|Any CPU
		{7DF65381-8507-4F02-9C2B-2AE9A1E50EFA}.Debug|Any CPU.Build.0 = Debug|Any CPU
		{7DF65381-8507-4F02-9C2B-2AE9A1E50EFA}.Release|Any CPU.ActiveCfg = Release|Any CPU
		{7DF65381-8507-4F02-9C2B-2AE9A1E50EFA}.Release|Any CPU.Build.0 = Release|Any CPU
		{5E103AD6-45A8-4B2D-816C-5CCEC09380E6}.Debug|Any CPU.ActiveCfg = Debug|Any CPU
		{5E103AD6-45A8-4B2D-816C-5CCEC09380E6}.Debug|Any CPU.Build.0 = Debug|Any CPU
		{5E103AD6-45A8-4B2D-816C-5CCEC09380E6}.Release|Any CPU.ActiveCfg = Release|Any CPU
		{5E103AD6-45A8-4B2D-816C-5CCEC09380E6}.Release|Any CPU.Build.0 = Release|Any CPU
	EndGlobalSection
	GlobalSection(SolutionProperties) = preSolution
		HideSolutionNode = FALSE
	EndGlobalSection
	GlobalSection(ExtensibilityGlobals) = postSolution
		SolutionGuid = {EAABAA86-C983-4546-B228-0D613182AF03}
	EndGlobalSection
EndGlobal
